
Microsoft Visual Studio Solution File, Format Version 12.00
# Visual Studio Version 17
VisualStudioVersion = 17.4.33213.308
MinimumVisualStudioVersion = 10.0.40219.1
Project("{9A19103F-16F7-4668-BE54-9A1E7A4F7556}") = "Consumer", "Consumer.csproj", "{C71477ED-2E6B-4D15-83E0-5D361ABB1C87}"
EndProject
Global
	GlobalSection(SolutionConfigurationPlatforms) = preSolution
		Debug|Any CPU = Debug|Any CPU
		Release|Any CPU = Release|Any CPU
	EndGlobalSection
	GlobalSection(ProjectConfigurationPlatforms) = postSolution
		{C71477ED-2E6B-4D15-83E0-5D361ABB1C87}.Debug|Any CPU.ActiveCfg = Debug|Any CPU
		{C71477ED-2E6B-4D15-83E0-5D361ABB1C87}.Debug|Any CPU.Build.0 = Debug|Any CPU
		{C71477ED-2E6B-4D15-83E0-5D361ABB1C87}.Release|Any CPU.ActiveCfg = Release|Any CPU
		{C71477ED-2E6B-4D15-83E0-5D361ABB1C87}.Release|Any CPU.Build.0 = Release|Any CPU
	EndGlobalSection
	GlobalSection(SolutionProperties) = preSolution
		HideSolutionNode = FALSE
	EndGlobalSection
	GlobalSection(ExtensibilityGlobals) = postSolution
		SolutionGuid = {D1B3FB16-706B-4FB7-A748-F806694867E8}
	EndGlobalSection
EndGlobal
