
Microsoft Visual Studio Solution File, Format Version 12.00
# Visual Studio Version 17
VisualStudioVersion = 17.4.33213.308
MinimumVisualStudioVersion = 10.0.40219.1
Project("{9A19103F-16F7-4668-BE54-9A1E7A4F7556}") = "publisher", "publisher.csproj", "{9DD5EFF4-6E34-4364-B5BF-43DB217316C7}"
EndProject
Project("{FAE04EC0-301F-11D3-BF4B-00C04F79EFBC}") = "Consumer", "..\Consumer\Consumer.csproj", "{72F1A16D-A746-47C9-BC30-C01092AB4CC1}"
EndProject
Global
	GlobalSection(SolutionConfigurationPlatforms) = preSolution
		Debug|Any CPU = Debug|Any CPU
		Release|Any CPU = Release|Any CPU
	EndGlobalSection
	GlobalSection(ProjectConfigurationPlatforms) = postSolution
		{9DD5EFF4-6E34-4364-B5BF-43DB217316C7}.Debug|Any CPU.ActiveCfg = Debug|Any CPU
		{9DD5EFF4-6E34-4364-B5BF-43DB217316C7}.Debug|Any CPU.Build.0 = Debug|Any CPU
		{9DD5EFF4-6E34-4364-B5BF-43DB217316C7}.Release|Any CPU.ActiveCfg = Release|Any CPU
		{9DD5EFF4-6E34-4364-B5BF-43DB217316C7}.Release|Any CPU.Build.0 = Release|Any CPU
		{72F1A16D-A746-47C9-BC30-C01092AB4CC1}.Debug|Any CPU.ActiveCfg = Debug|Any CPU
		{72F1A16D-A746-47C9-BC30-C01092AB4CC1}.Debug|Any CPU.Build.0 = Debug|Any CPU
		{72F1A16D-A746-47C9-BC30-C01092AB4CC1}.Release|Any CPU.ActiveCfg = Release|Any CPU
		{72F1A16D-A746-47C9-BC30-C01092AB4CC1}.Release|Any CPU.Build.0 = Release|Any CPU
	EndGlobalSection
	GlobalSection(SolutionProperties) = preSolution
		HideSolutionNode = FALSE
	EndGlobalSection
	GlobalSection(ExtensibilityGlobals) = postSolution
		SolutionGuid = {D9EEFD7B-4222-406E-A3EC-503130A40A7A}
	EndGlobalSection
EndGlobal
